
Microsoft Visual Studio Solution File, Format Version 12.00
# Visual Studio Version 17
VisualStudioVersion = 17.1.32421.90
MinimumVisualStudioVersion = 10.0.40219.1
Project("{FAE04EC0-301F-11D3-BF4B-00C04F79EFBC}") = "Bank_Unit_Testing", "Bank_Unit_Testing\Bank_Unit_Testing.csproj", "{CC14375D-3248-48E2-AECF-0CF7456D0DDB}"
EndProject
Project("{FAE04EC0-301F-11D3-BF4B-00C04F79EFBC}") = "BankXUnitTest", "BankXUnitTest\BankXUnitTest.csproj", "{8CCBDA2C-FCCA-42FA-A54A-9587E43A3679}"
EndProject
Global
	GlobalSection(SolutionConfigurationPlatforms) = preSolution
		Debug|Any CPU = Debug|Any CPU
		Release|Any CPU = Release|Any CPU
	EndGlobalSection
	GlobalSection(ProjectConfigurationPlatforms) = postSolution
		{CC14375D-3248-48E2-AECF-0CF7456D0DDB}.Debug|Any CPU.ActiveCfg = Debug|Any CPU
		{CC14375D-3248-48E2-AECF-0CF7456D0DDB}.Debug|Any CPU.Build.0 = Debug|Any CPU
		{CC14375D-3248-48E2-AECF-0CF7456D0DDB}.Release|Any CPU.ActiveCfg = Release|Any CPU
		{CC14375D-3248-48E2-AECF-0CF7456D0DDB}.Release|Any CPU.Build.0 = Release|Any CPU
		{8CCBDA2C-FCCA-42FA-A54A-9587E43A3679}.Debug|Any CPU.ActiveCfg = Debug|Any CPU
		{8CCBDA2C-FCCA-42FA-A54A-9587E43A3679}.Debug|Any CPU.Build.0 = Debug|Any CPU
		{8CCBDA2C-FCCA-42FA-A54A-9587E43A3679}.Release|Any CPU.ActiveCfg = Release|Any CPU
		{8CCBDA2C-FCCA-42FA-A54A-9587E43A3679}.Release|Any CPU.Build.0 = Release|Any CPU
	EndGlobalSection
	GlobalSection(SolutionProperties) = preSolution
		HideSolutionNode = FALSE
	EndGlobalSection
	GlobalSection(ExtensibilityGlobals) = postSolution
		SolutionGuid = {C006FBBD-7716-4616-9214-B717D130C954}
	EndGlobalSection
EndGlobal
